
Microsoft Visual Studio Solution File, Format Version 12.00
# Visual Studio Version 17
VisualStudioVersion = 17.5.33414.496
MinimumVisualStudioVersion = 10.0.40219.1
Project("{FAE04EC0-301F-11D3-BF4B-00C04F79EFBC}") = "OfficeAPIWebApp", "OfficeAPIWebApp\OfficeAPIWebApp.csproj", "{3E4F07D5-74C4-44AC-8185-25B85184D601}"
EndProject
Global
	GlobalSection(SolutionConfigurationPlatforms) = preSolution
		Debug|Any CPU = Debug|Any CPU
		Release|Any CPU = Release|Any CPU
	EndGlobalSection
	GlobalSection(ProjectConfigurationPlatforms) = postSolution
		{3E4F07D5-74C4-44AC-8185-25B85184D601}.Debug|Any CPU.ActiveCfg = Debug|Any CPU
		{3E4F07D5-74C4-44AC-8185-25B85184D601}.Debug|Any CPU.Build.0 = Debug|Any CPU
		{3E4F07D5-74C4-44AC-8185-25B85184D601}.Release|Any CPU.ActiveCfg = Release|Any CPU
		{3E4F07D5-74C4-44AC-8185-25B85184D601}.Release|Any CPU.Build.0 = Release|Any CPU
	EndGlobalSection
	GlobalSection(SolutionProperties) = preSolution
		HideSolutionNode = FALSE
	EndGlobalSection
	GlobalSection(ExtensibilityGlobals) = postSolution
		SolutionGuid = {C1F26592-CD6D-49CF-838D-897C4F41F454}
	EndGlobalSection
EndGlobal
